
Microsoft Visual Studio Solution File, Format Version 12.00
# Visual Studio 15
Project("{FAE04EC0-301F-11D3-BF4B-00C04F79EFBC}") = "OrderManager", "OrderManager\OrderManager.csproj", "{7B52E49F-FE97-42FB-B628-A257D608D09D}"
EndProject
Project("{FAE04EC0-301F-11D3-BF4B-00C04F79EFBC}") = "Domain", "Domain\Domain.csproj", "{6669E05C-05C1-492D-B7C6-1D7713FFD616}"
EndProject
Project("{FAE04EC0-301F-11D3-BF4B-00C04F79EFBC}") = "Contracts", "Contracts\Contracts.csproj", "{21885820-45C9-43DE-9CAD-B439C48A8AB2}"
EndProject
Project("{FAE04EC0-301F-11D3-BF4B-00C04F79EFBC}") = "DAL", "Repositories\DAL.csproj", "{193B54F2-DD97-464E-873E-C896991AF313}"
EndProject
Project("{FAE04EC0-301F-11D3-BF4B-00C04F79EFBC}") = "DAL.Tests", "DAL.Tests\DAL.Tests.csproj", "{0217B6AF-84FF-4DFB-BFC7-6A082CFD3384}"
EndProject
Global
	GlobalSection(SolutionConfigurationPlatforms) = preSolution
		Debug|Any CPU = Debug|Any CPU
		Release|Any CPU = Release|Any CPU
	EndGlobalSection
	GlobalSection(ProjectConfigurationPlatforms) = postSolution
		{7B52E49F-FE97-42FB-B628-A257D608D09D}.Debug|Any CPU.ActiveCfg = Debug|Any CPU
		{7B52E49F-FE97-42FB-B628-A257D608D09D}.Debug|Any CPU.Build.0 = Debug|Any CPU
		{7B52E49F-FE97-42FB-B628-A257D608D09D}.Release|Any CPU.ActiveCfg = Release|Any CPU
		{7B52E49F-FE97-42FB-B628-A257D608D09D}.Release|Any CPU.Build.0 = Release|Any CPU
		{6669E05C-05C1-492D-B7C6-1D7713FFD616}.Debug|Any CPU.ActiveCfg = Debug|Any CPU
		{6669E05C-05C1-492D-B7C6-1D7713FFD616}.Debug|Any CPU.Build.0 = Debug|Any CPU
		{6669E05C-05C1-492D-B7C6-1D7713FFD616}.Release|Any CPU.ActiveCfg = Release|Any CPU
		{6669E05C-05C1-492D-B7C6-1D7713FFD616}.Release|Any CPU.Build.0 = Release|Any CPU
		{21885820-45C9-43DE-9CAD-B439C48A8AB2}.Debug|Any CPU.ActiveCfg = Debug|Any CPU
		{21885820-45C9-43DE-9CAD-B439C48A8AB2}.Debug|Any CPU.Build.0 = Debug|Any CPU
		{21885820-45C9-43DE-9CAD-B439C48A8AB2}.Release|Any CPU.ActiveCfg = Release|Any CPU
		{21885820-45C9-43DE-9CAD-B439C48A8AB2}.Release|Any CPU.Build.0 = Release|Any CPU
		{193B54F2-DD97-464E-873E-C896991AF313}.Debug|Any CPU.ActiveCfg = Debug|Any CPU
		{193B54F2-DD97-464E-873E-C896991AF313}.Debug|Any CPU.Build.0 = Debug|Any CPU
		{193B54F2-DD97-464E-873E-C896991AF313}.Release|Any CPU.ActiveCfg = Release|Any CPU
		{193B54F2-DD97-464E-873E-C896991AF313}.Release|Any CPU.Build.0 = Release|Any CPU
		{0217B6AF-84FF-4DFB-BFC7-6A082CFD3384}.Debug|Any CPU.ActiveCfg = Debug|Any CPU
		{0217B6AF-84FF-4DFB-BFC7-6A082CFD3384}.Debug|Any CPU.Build.0 = Debug|Any CPU
		{0217B6AF-84FF-4DFB-BFC7-6A082CFD3384}.Release|Any CPU.ActiveCfg = Release|Any CPU
		{0217B6AF-84FF-4DFB-BFC7-6A082CFD3384}.Release|Any CPU.Build.0 = Release|Any CPU
	EndGlobalSection
EndGlobal
